
Microsoft Visual Studio Solution File, Format Version 12.00
# Visual Studio Version 16
VisualStudioVersion = 16.0.32929.386
MinimumVisualStudioVersion = 10.0.40219.1
Project("{8BC9CEB8-8B4A-11D0-8D11-00A0C91BC942}") = "sq-queue", "sq-queue\sq-queue.vcxproj", "{FEE9789E-C299-419E-B318-2F1AFC044942}"
EndProject
Project("{8BC9CEB8-8B4A-11D0-8D11-00A0C91BC942}") = "cir-queue", "cir-queue\cir-queue.vcxproj", "{86DC492B-9474-43F4-BFDD-0D975C8B6892}"
EndProject
Project("{8BC9CEB8-8B4A-11D0-8D11-00A0C91BC942}") = "link-queue", "link-queue\link-queue.vcxproj", "{6BD6A43C-9CCE-44FF-80D1-EA997F22B22F}"
EndProject
Global
	GlobalSection(SolutionConfigurationPlatforms) = preSolution
		Debug|x64 = Debug|x64
		Debug|x86 = Debug|x86
		Release|x64 = Release|x64
		Release|x86 = Release|x86
	EndGlobalSection
	GlobalSection(ProjectConfigurationPlatforms) = postSolution
		{FEE9789E-C299-419E-B318-2F1AFC044942}.Debug|x64.ActiveCfg = Debug|x64
		{FEE9789E-C299-419E-B318-2F1AFC044942}.Debug|x64.Build.0 = Debug|x64
		{FEE9789E-C299-419E-B318-2F1AFC044942}.Debug|x86.ActiveCfg = Debug|Win32
		{FEE9789E-C299-419E-B318-2F1AFC044942}.Debug|x86.Build.0 = Debug|Win32
		{FEE9789E-C299-419E-B318-2F1AFC044942}.Release|x64.ActiveCfg = Release|x64
		{FEE9789E-C299-419E-B318-2F1AFC044942}.Release|x64.Build.0 = Release|x64
		{FEE9789E-C299-419E-B318-2F1AFC044942}.Release|x86.ActiveCfg = Release|Win32
		{FEE9789E-C299-419E-B318-2F1AFC044942}.Release|x86.Build.0 = Release|Win32
		{86DC492B-9474-43F4-BFDD-0D975C8B6892}.Debug|x64.ActiveCfg = Debug|x64
		{86DC492B-9474-43F4-BFDD-0D975C8B6892}.Debug|x64.Build.0 = Debug|x64
		{86DC492B-9474-43F4-BFDD-0D975C8B6892}.Debug|x86.ActiveCfg = Debug|Win32
		{86DC492B-9474-43F4-BFDD-0D975C8B6892}.Debug|x86.Build.0 = Debug|Win32
		{86DC492B-9474-43F4-BFDD-0D975C8B6892}.Release|x64.ActiveCfg = Release|x64
		{86DC492B-9474-43F4-BFDD-0D975C8B6892}.Release|x64.Build.0 = Release|x64
		{86DC492B-9474-43F4-BFDD-0D975C8B6892}.Release|x86.ActiveCfg = Release|Win32
		{86DC492B-9474-43F4-BFDD-0D975C8B6892}.Release|x86.Build.0 = Release|Win32
		{6BD6A43C-9CCE-44FF-80D1-EA997F22B22F}.Debug|x64.ActiveCfg = Debug|x64
		{6BD6A43C-9CCE-44FF-80D1-EA997F22B22F}.Debug|x64.Build.0 = Debug|x64
		{6BD6A43C-9CCE-44FF-80D1-EA997F22B22F}.Debug|x86.ActiveCfg = Debug|Win32
		{6BD6A43C-9CCE-44FF-80D1-EA997F22B22F}.Debug|x86.Build.0 = Debug|Win32
		{6BD6A43C-9CCE-44FF-80D1-EA997F22B22F}.Release|x64.ActiveCfg = Release|x64
		{6BD6A43C-9CCE-44FF-80D1-EA997F22B22F}.Release|x64.Build.0 = Release|x64
		{6BD6A43C-9CCE-44FF-80D1-EA997F22B22F}.Release|x86.ActiveCfg = Release|Win32
		{6BD6A43C-9CCE-44FF-80D1-EA997F22B22F}.Release|x86.Build.0 = Release|Win32
	EndGlobalSection
	GlobalSection(SolutionProperties) = preSolution
		HideSolutionNode = FALSE
	EndGlobalSection
	GlobalSection(ExtensibilityGlobals) = postSolution
		SolutionGuid = {440AEA45-C180-43F6-B15D-13FB95054D71}
	EndGlobalSection
EndGlobal
