
Microsoft Visual Studio Solution File, Format Version 12.00
# Visual Studio Version 16
VisualStudioVersion = 16.0.32929.386
MinimumVisualStudioVersion = 10.0.40219.1
Project("{8BC9CEB8-8B4A-11D0-8D11-00A0C91BC942}") = "demo1", "demo1\demo1.vcxproj", "{ACE3DDEA-8C66-41E1-89BB-3CA4ADE39163}"
EndProject
Project("{8BC9CEB8-8B4A-11D0-8D11-00A0C91BC942}") = "demo2", "demo2\demo2.vcxproj", "{332FCF93-82D5-468E-968A-30A7AFCFD17D}"
EndProject
Project("{8BC9CEB8-8B4A-11D0-8D11-00A0C91BC942}") = "demo3", "demo3\demo3.vcxproj", "{C6128B4E-9F1E-4F01-9EFB-74CC268E127D}"
EndProject
Project("{8BC9CEB8-8B4A-11D0-8D11-00A0C91BC942}") = "demo4", "demo4\demo4.vcxproj", "{0D133491-3DBC-4C4B-8DA7-17F64D02B1D3}"
EndProject
Project("{8BC9CEB8-8B4A-11D0-8D11-00A0C91BC942}") = "demo5", "demo5\demo5.vcxproj", "{514BE688-A9A6-41E6-9701-C5CEEC06A6CB}"
EndProject
Project("{8BC9CEB8-8B4A-11D0-8D11-00A0C91BC942}") = "demo6", "demo6\demo6.vcxproj", "{1A946C73-4CCD-4B0F-A837-2A16304142E1}"
EndProject
Project("{8BC9CEB8-8B4A-11D0-8D11-00A0C91BC942}") = "demo7", "demo7\demo7.vcxproj", "{AF9071C0-7FF7-4CBA-A273-E24902A7ADE5}"
EndProject
Project("{8BC9CEB8-8B4A-11D0-8D11-00A0C91BC942}") = "demo8", "demo8\demo8.vcxproj", "{A6CA2C95-D5F6-465A-9BED-C27CD5D28944}"
EndProject
Project("{8BC9CEB8-8B4A-11D0-8D11-00A0C91BC942}") = "demo9", "demo9\demo9.vcxproj", "{ED1E0735-E0C7-4D78-A1D7-D2EEE6126185}"
EndProject
Project("{8BC9CEB8-8B4A-11D0-8D11-00A0C91BC942}") = "demo10", "demo10\demo10.vcxproj", "{914195D8-BAF9-4926-BDA6-9062D145AE1A}"
EndProject
Project("{8BC9CEB8-8B4A-11D0-8D11-00A0C91BC942}") = "demo11", "demo11\demo11.vcxproj", "{B3F39DB1-5074-4DCD-B46E-B15903505E25}"
EndProject
Project("{8BC9CEB8-8B4A-11D0-8D11-00A0C91BC942}") = "demo12", "demo12\demo12.vcxproj", "{50099C98-2DAB-43A1-AB7D-98A641C2D36C}"
EndProject
Project("{8BC9CEB8-8B4A-11D0-8D11-00A0C91BC942}") = "demo13", "demo13\demo13.vcxproj", "{425F962C-4E5C-4036-87D6-92D0FD7DF889}"
EndProject
Project("{8BC9CEB8-8B4A-11D0-8D11-00A0C91BC942}") = "demo14", "demo14\demo14.vcxproj", "{C3122EEF-7E07-419B-8DC1-3DC296D5AD91}"
EndProject
Global
	GlobalSection(SolutionConfigurationPlatforms) = preSolution
		Debug|x64 = Debug|x64
		Debug|x86 = Debug|x86
		Release|x64 = Release|x64
		Release|x86 = Release|x86
	EndGlobalSection
	GlobalSection(ProjectConfigurationPlatforms) = postSolution
		{ACE3DDEA-8C66-41E1-89BB-3CA4ADE39163}.Debug|x64.ActiveCfg = Debug|x64
		{ACE3DDEA-8C66-41E1-89BB-3CA4ADE39163}.Debug|x64.Build.0 = Debug|x64
		{ACE3DDEA-8C66-41E1-89BB-3CA4ADE39163}.Debug|x86.ActiveCfg = Debug|Win32
		{ACE3DDEA-8C66-41E1-89BB-3CA4ADE39163}.Debug|x86.Build.0 = Debug|Win32
		{ACE3DDEA-8C66-41E1-89BB-3CA4ADE39163}.Release|x64.ActiveCfg = Release|x64
		{ACE3DDEA-8C66-41E1-89BB-3CA4ADE39163}.Release|x64.Build.0 = Release|x64
		{ACE3DDEA-8C66-41E1-89BB-3CA4ADE39163}.Release|x86.ActiveCfg = Release|Win32
		{ACE3DDEA-8C66-41E1-89BB-3CA4ADE39163}.Release|x86.Build.0 = Release|Win32
		{332FCF93-82D5-468E-968A-30A7AFCFD17D}.Debug|x64.ActiveCfg = Debug|x64
		{332FCF93-82D5-468E-968A-30A7AFCFD17D}.Debug|x64.Build.0 = Debug|x64
		{332FCF93-82D5-468E-968A-30A7AFCFD17D}.Debug|x86.ActiveCfg = Debug|Win32
		{332FCF93-82D5-468E-968A-30A7AFCFD17D}.Debug|x86.Build.0 = Debug|Win32
		{332FCF93-82D5-468E-968A-30A7AFCFD17D}.Release|x64.ActiveCfg = Release|x64
		{332FCF93-82D5-468E-968A-30A7AFCFD17D}.Release|x64.Build.0 = Release|x64
		{332FCF93-82D5-468E-968A-30A7AFCFD17D}.Release|x86.ActiveCfg = Release|Win32
		{332FCF93-82D5-468E-968A-30A7AFCFD17D}.Release|x86.Build.0 = Release|Win32
		{C6128B4E-9F1E-4F01-9EFB-74CC268E127D}.Debug|x64.ActiveCfg = Debug|x64
		{C6128B4E-9F1E-4F01-9EFB-74CC268E127D}.Debug|x64.Build.0 = Debug|x64
		{C6128B4E-9F1E-4F01-9EFB-74CC268E127D}.Debug|x86.ActiveCfg = Debug|Win32
		{C6128B4E-9F1E-4F01-9EFB-74CC268E127D}.Debug|x86.Build.0 = Debug|Win32
		{C6128B4E-9F1E-4F01-9EFB-74CC268E127D}.Release|x64.ActiveCfg = Release|x64
		{C6128B4E-9F1E-4F01-9EFB-74CC268E127D}.Release|x64.Build.0 = Release|x64
		{C6128B4E-9F1E-4F01-9EFB-74CC268E127D}.Release|x86.ActiveCfg = Release|Win32
		{C6128B4E-9F1E-4F01-9EFB-74CC268E127D}.Release|x86.Build.0 = Release|Win32
		{0D133491-3DBC-4C4B-8DA7-17F64D02B1D3}.Debug|x64.ActiveCfg = Debug|x64
		{0D133491-3DBC-4C4B-8DA7-17F64D02B1D3}.Debug|x64.Build.0 = Debug|x64
		{0D133491-3DBC-4C4B-8DA7-17F64D02B1D3}.Debug|x86.ActiveCfg = Debug|Win32
		{0D133491-3DBC-4C4B-8DA7-17F64D02B1D3}.Debug|x86.Build.0 = Debug|Win32
		{0D133491-3DBC-4C4B-8DA7-17F64D02B1D3}.Release|x64.ActiveCfg = Release|x64
		{0D133491-3DBC-4C4B-8DA7-17F64D02B1D3}.Release|x64.Build.0 = Release|x64
		{0D133491-3DBC-4C4B-8DA7-17F64D02B1D3}.Release|x86.ActiveCfg = Release|Win32
		{0D133491-3DBC-4C4B-8DA7-17F64D02B1D3}.Release|x86.Build.0 = Release|Win32
		{514BE688-A9A6-41E6-9701-C5CEEC06A6CB}.Debug|x64.ActiveCfg = Debug|x64
		{514BE688-A9A6-41E6-9701-C5CEEC06A6CB}.Debug|x64.Build.0 = Debug|x64
		{514BE688-A9A6-41E6-9701-C5CEEC06A6CB}.Debug|x86.ActiveCfg = Debug|Win32
		{514BE688-A9A6-41E6-9701-C5CEEC06A6CB}.Debug|x86.Build.0 = Debug|Win32
		{514BE688-A9A6-41E6-9701-C5CEEC06A6CB}.Release|x64.ActiveCfg = Release|x64
		{514BE688-A9A6-41E6-9701-C5CEEC06A6CB}.Release|x64.Build.0 = Release|x64
		{514BE688-A9A6-41E6-9701-C5CEEC06A6CB}.Release|x86.ActiveCfg = Release|Win32
		{514BE688-A9A6-41E6-9701-C5CEEC06A6CB}.Release|x86.Build.0 = Release|Win32
		{1A946C73-4CCD-4B0F-A837-2A16304142E1}.Debug|x64.ActiveCfg = Debug|x64
		{1A946C73-4CCD-4B0F-A837-2A16304142E1}.Debug|x64.Build.0 = Debug|x64
		{1A946C73-4CCD-4B0F-A837-2A16304142E1}.Debug|x86.ActiveCfg = Debug|Win32
		{1A946C73-4CCD-4B0F-A837-2A16304142E1}.Debug|x86.Build.0 = Debug|Win32
		{1A946C73-4CCD-4B0F-A837-2A16304142E1}.Release|x64.ActiveCfg = Release|x64
		{1A946C73-4CCD-4B0F-A837-2A16304142E1}.Release|x64.Build.0 = Release|x64
		{1A946C73-4CCD-4B0F-A837-2A16304142E1}.Release|x86.ActiveCfg = Release|Win32
		{1A946C73-4CCD-4B0F-A837-2A16304142E1}.Release|x86.Build.0 = Release|Win32
		{AF9071C0-7FF7-4CBA-A273-E24902A7ADE5}.Debug|x64.ActiveCfg = Debug|x64
		{AF9071C0-7FF7-4CBA-A273-E24902A7ADE5}.Debug|x64.Build.0 = Debug|x64
		{AF9071C0-7FF7-4CBA-A273-E24902A7ADE5}.Debug|x86.ActiveCfg = Debug|Win32
		{AF9071C0-7FF7-4CBA-A273-E24902A7ADE5}.Debug|x86.Build.0 = Debug|Win32
		{AF9071C0-7FF7-4CBA-A273-E24902A7ADE5}.Release|x64.ActiveCfg = Release|x64
		{AF9071C0-7FF7-4CBA-A273-E24902A7ADE5}.Release|x64.Build.0 = Release|x64
		{AF9071C0-7FF7-4CBA-A273-E24902A7ADE5}.Release|x86.ActiveCfg = Release|Win32
		{AF9071C0-7FF7-4CBA-A273-E24902A7ADE5}.Release|x86.Build.0 = Release|Win32
		{A6CA2C95-D5F6-465A-9BED-C27CD5D28944}.Debug|x64.ActiveCfg = Debug|x64
		{A6CA2C95-D5F6-465A-9BED-C27CD5D28944}.Debug|x64.Build.0 = Debug|x64
		{A6CA2C95-D5F6-465A-9BED-C27CD5D28944}.Debug|x86.ActiveCfg = Debug|Win32
		{A6CA2C95-D5F6-465A-9BED-C27CD5D28944}.Debug|x86.Build.0 = Debug|Win32
		{A6CA2C95-D5F6-465A-9BED-C27CD5D28944}.Release|x64.ActiveCfg = Release|x64
		{A6CA2C95-D5F6-465A-9BED-C27CD5D28944}.Release|x64.Build.0 = Release|x64
		{A6CA2C95-D5F6-465A-9BED-C27CD5D28944}.Release|x86.ActiveCfg = Release|Win32
		{A6CA2C95-D5F6-465A-9BED-C27CD5D28944}.Release|x86.Build.0 = Release|Win32
		{ED1E0735-E0C7-4D78-A1D7-D2EEE6126185}.Debug|x64.ActiveCfg = Debug|x64
		{ED1E0735-E0C7-4D78-A1D7-D2EEE6126185}.Debug|x64.Build.0 = Debug|x64
		{ED1E0735-E0C7-4D78-A1D7-D2EEE6126185}.Debug|x86.ActiveCfg = Debug|Win32
		{ED1E0735-E0C7-4D78-A1D7-D2EEE6126185}.Debug|x86.Build.0 = Debug|Win32
		{ED1E0735-E0C7-4D78-A1D7-D2EEE6126185}.Release|x64.ActiveCfg = Release|x64
		{ED1E0735-E0C7-4D78-A1D7-D2EEE6126185}.Release|x64.Build.0 = Release|x64
		{ED1E0735-E0C7-4D78-A1D7-D2EEE6126185}.Release|x86.ActiveCfg = Release|Win32
		{ED1E0735-E0C7-4D78-A1D7-D2EEE6126185}.Release|x86.Build.0 = Release|Win32
		{914195D8-BAF9-4926-BDA6-9062D145AE1A}.Debug|x64.ActiveCfg = Debug|x64
		{914195D8-BAF9-4926-BDA6-9062D145AE1A}.Debug|x64.Build.0 = Debug|x64
		{914195D8-BAF9-4926-BDA6-9062D145AE1A}.Debug|x86.ActiveCfg = Debug|Win32
		{914195D8-BAF9-4926-BDA6-9062D145AE1A}.Debug|x86.Build.0 = Debug|Win32
		{914195D8-BAF9-4926-BDA6-9062D145AE1A}.Release|x64.ActiveCfg = Release|x64
		{914195D8-BAF9-4926-BDA6-9062D145AE1A}.Release|x64.Build.0 = Release|x64
		{914195D8-BAF9-4926-BDA6-9062D145AE1A}.Release|x86.ActiveCfg = Release|Win32
		{914195D8-BAF9-4926-BDA6-9062D145AE1A}.Release|x86.Build.0 = Release|Win32
		{B3F39DB1-5074-4DCD-B46E-B15903505E25}.Debug|x64.ActiveCfg = Debug|x64
		{B3F39DB1-5074-4DCD-B46E-B15903505E25}.Debug|x64.Build.0 = Debug|x64
		{B3F39DB1-5074-4DCD-B46E-B15903505E25}.Debug|x86.ActiveCfg = Debug|Win32
		{B3F39DB1-5074-4DCD-B46E-B15903505E25}.Debug|x86.Build.0 = Debug|Win32
		{B3F39DB1-5074-4DCD-B46E-B15903505E25}.Release|x64.ActiveCfg = Release|x64
		{B3F39DB1-5074-4DCD-B46E-B15903505E25}.Release|x64.Build.0 = Release|x64
		{B3F39DB1-5074-4DCD-B46E-B15903505E25}.Release|x86.ActiveCfg = Release|Win32
		{B3F39DB1-5074-4DCD-B46E-B15903505E25}.Release|x86.Build.0 = Release|Win32
		{50099C98-2DAB-43A1-AB7D-98A641C2D36C}.Debug|x64.ActiveCfg = Debug|x64
		{50099C98-2DAB-43A1-AB7D-98A641C2D36C}.Debug|x64.Build.0 = Debug|x64
		{50099C98-2DAB-43A1-AB7D-98A641C2D36C}.Debug|x86.ActiveCfg = Debug|Win32
		{50099C98-2DAB-43A1-AB7D-98A641C2D36C}.Debug|x86.Build.0 = Debug|Win32
		{50099C98-2DAB-43A1-AB7D-98A641C2D36C}.Release|x64.ActiveCfg = Release|x64
		{50099C98-2DAB-43A1-AB7D-98A641C2D36C}.Release|x64.Build.0 = Release|x64
		{50099C98-2DAB-43A1-AB7D-98A641C2D36C}.Release|x86.ActiveCfg = Release|Win32
		{50099C98-2DAB-43A1-AB7D-98A641C2D36C}.Release|x86.Build.0 = Release|Win32
		{425F962C-4E5C-4036-87D6-92D0FD7DF889}.Debug|x64.ActiveCfg = Debug|x64
		{425F962C-4E5C-4036-87D6-92D0FD7DF889}.Debug|x64.Build.0 = Debug|x64
		{425F962C-4E5C-4036-87D6-92D0FD7DF889}.Debug|x86.ActiveCfg = Debug|Win32
		{425F962C-4E5C-4036-87D6-92D0FD7DF889}.Debug|x86.Build.0 = Debug|Win32
		{425F962C-4E5C-4036-87D6-92D0FD7DF889}.Release|x64.ActiveCfg = Release|x64
		{425F962C-4E5C-4036-87D6-92D0FD7DF889}.Release|x64.Build.0 = Release|x64
		{425F962C-4E5C-4036-87D6-92D0FD7DF889}.Release|x86.ActiveCfg = Release|Win32
		{425F962C-4E5C-4036-87D6-92D0FD7DF889}.Release|x86.Build.0 = Release|Win32
		{C3122EEF-7E07-419B-8DC1-3DC296D5AD91}.Debug|x64.ActiveCfg = Debug|x64
		{C3122EEF-7E07-419B-8DC1-3DC296D5AD91}.Debug|x64.Build.0 = Debug|x64
		{C3122EEF-7E07-419B-8DC1-3DC296D5AD91}.Debug|x86.ActiveCfg = Debug|Win32
		{C3122EEF-7E07-419B-8DC1-3DC296D5AD91}.Debug|x86.Build.0 = Debug|Win32
		{C3122EEF-7E07-419B-8DC1-3DC296D5AD91}.Release|x64.ActiveCfg = Release|x64
		{C3122EEF-7E07-419B-8DC1-3DC296D5AD91}.Release|x64.Build.0 = Release|x64
		{C3122EEF-7E07-419B-8DC1-3DC296D5AD91}.Release|x86.ActiveCfg = Release|Win32
		{C3122EEF-7E07-419B-8DC1-3DC296D5AD91}.Release|x86.Build.0 = Release|Win32
	EndGlobalSection
	GlobalSection(SolutionProperties) = preSolution
		HideSolutionNode = FALSE
	EndGlobalSection
	GlobalSection(ExtensibilityGlobals) = postSolution
		SolutionGuid = {45DDF560-6CB2-4307-A44C-713DC55F6C90}
	EndGlobalSection
EndGlobal
