
Microsoft Visual Studio Solution File, Format Version 12.00
# Visual Studio Version 16
VisualStudioVersion = 16.0.32929.386
MinimumVisualStudioVersion = 10.0.40219.1
Project("{8BC9CEB8-8B4A-11D0-8D11-00A0C91BC942}") = "adj-list-graph", "adj-list-graph\adj-list-graph.vcxproj", "{68908790-3A9F-434B-8C0C-1322BB6B193F}"
EndProject
Project("{8BC9CEB8-8B4A-11D0-8D11-00A0C91BC942}") = "d-f-s", "d-f-s\d-f-s.vcxproj", "{3E1A7BE7-CF23-4D1D-9B74-70C110894B5A}"
EndProject
Project("{8BC9CEB8-8B4A-11D0-8D11-00A0C91BC942}") = "b-f-s", "b-f-s\b-f-s.vcxproj", "{8FF8C6AF-968B-4B84-91AE-D9AB4D16842A}"
EndProject
Global
	GlobalSection(SolutionConfigurationPlatforms) = preSolution
		Debug|x64 = Debug|x64
		Debug|x86 = Debug|x86
		Release|x64 = Release|x64
		Release|x86 = Release|x86
	EndGlobalSection
	GlobalSection(ProjectConfigurationPlatforms) = postSolution
		{68908790-3A9F-434B-8C0C-1322BB6B193F}.Debug|x64.ActiveCfg = Debug|x64
		{68908790-3A9F-434B-8C0C-1322BB6B193F}.Debug|x64.Build.0 = Debug|x64
		{68908790-3A9F-434B-8C0C-1322BB6B193F}.Debug|x86.ActiveCfg = Debug|Win32
		{68908790-3A9F-434B-8C0C-1322BB6B193F}.Debug|x86.Build.0 = Debug|Win32
		{68908790-3A9F-434B-8C0C-1322BB6B193F}.Release|x64.ActiveCfg = Release|x64
		{68908790-3A9F-434B-8C0C-1322BB6B193F}.Release|x64.Build.0 = Release|x64
		{68908790-3A9F-434B-8C0C-1322BB6B193F}.Release|x86.ActiveCfg = Release|Win32
		{68908790-3A9F-434B-8C0C-1322BB6B193F}.Release|x86.Build.0 = Release|Win32
		{3E1A7BE7-CF23-4D1D-9B74-70C110894B5A}.Debug|x64.ActiveCfg = Debug|x64
		{3E1A7BE7-CF23-4D1D-9B74-70C110894B5A}.Debug|x64.Build.0 = Debug|x64
		{3E1A7BE7-CF23-4D1D-9B74-70C110894B5A}.Debug|x86.ActiveCfg = Debug|Win32
		{3E1A7BE7-CF23-4D1D-9B74-70C110894B5A}.Debug|x86.Build.0 = Debug|Win32
		{3E1A7BE7-CF23-4D1D-9B74-70C110894B5A}.Release|x64.ActiveCfg = Release|x64
		{3E1A7BE7-CF23-4D1D-9B74-70C110894B5A}.Release|x64.Build.0 = Release|x64
		{3E1A7BE7-CF23-4D1D-9B74-70C110894B5A}.Release|x86.ActiveCfg = Release|Win32
		{3E1A7BE7-CF23-4D1D-9B74-70C110894B5A}.Release|x86.Build.0 = Release|Win32
		{8FF8C6AF-968B-4B84-91AE-D9AB4D16842A}.Debug|x64.ActiveCfg = Debug|x64
		{8FF8C6AF-968B-4B84-91AE-D9AB4D16842A}.Debug|x64.Build.0 = Debug|x64
		{8FF8C6AF-968B-4B84-91AE-D9AB4D16842A}.Debug|x86.ActiveCfg = Debug|Win32
		{8FF8C6AF-968B-4B84-91AE-D9AB4D16842A}.Debug|x86.Build.0 = Debug|Win32
		{8FF8C6AF-968B-4B84-91AE-D9AB4D16842A}.Release|x64.ActiveCfg = Release|x64
		{8FF8C6AF-968B-4B84-91AE-D9AB4D16842A}.Release|x64.Build.0 = Release|x64
		{8FF8C6AF-968B-4B84-91AE-D9AB4D16842A}.Release|x86.ActiveCfg = Release|Win32
		{8FF8C6AF-968B-4B84-91AE-D9AB4D16842A}.Release|x86.Build.0 = Release|Win32
	EndGlobalSection
	GlobalSection(SolutionProperties) = preSolution
		HideSolutionNode = FALSE
	EndGlobalSection
	GlobalSection(ExtensibilityGlobals) = postSolution
		SolutionGuid = {1B96D38E-B611-4834-967F-B26B9214288B}
	EndGlobalSection
EndGlobal
