
Microsoft Visual Studio Solution File, Format Version 12.00
# Visual Studio Version 16
VisualStudioVersion = 16.0.32929.386
MinimumVisualStudioVersion = 10.0.40219.1
Project("{8BC9CEB8-8B4A-11D0-8D11-00A0C91BC942}") = "sq-string", "sq-string\sq-string.vcxproj", "{CC855D65-21A2-4DC8-9A55-4F5E93C5697F}"
EndProject
Global
	GlobalSection(SolutionConfigurationPlatforms) = preSolution
		Debug|x64 = Debug|x64
		Debug|x86 = Debug|x86
		Release|x64 = Release|x64
		Release|x86 = Release|x86
	EndGlobalSection
	GlobalSection(ProjectConfigurationPlatforms) = postSolution
		{CC855D65-21A2-4DC8-9A55-4F5E93C5697F}.Debug|x64.ActiveCfg = Debug|x64
		{CC855D65-21A2-4DC8-9A55-4F5E93C5697F}.Debug|x64.Build.0 = Debug|x64
		{CC855D65-21A2-4DC8-9A55-4F5E93C5697F}.Debug|x86.ActiveCfg = Debug|Win32
		{CC855D65-21A2-4DC8-9A55-4F5E93C5697F}.Debug|x86.Build.0 = Debug|Win32
		{CC855D65-21A2-4DC8-9A55-4F5E93C5697F}.Release|x64.ActiveCfg = Release|x64
		{CC855D65-21A2-4DC8-9A55-4F5E93C5697F}.Release|x64.Build.0 = Release|x64
		{CC855D65-21A2-4DC8-9A55-4F5E93C5697F}.Release|x86.ActiveCfg = Release|Win32
		{CC855D65-21A2-4DC8-9A55-4F5E93C5697F}.Release|x86.Build.0 = Release|Win32
	EndGlobalSection
	GlobalSection(SolutionProperties) = preSolution
		HideSolutionNode = FALSE
	EndGlobalSection
	GlobalSection(ExtensibilityGlobals) = postSolution
		SolutionGuid = {C8F47844-1861-4730-B402-0C177D5F604F}
	EndGlobalSection
EndGlobal
